{
  "name": "e2e",
  "version": "1.0.0",
  "lockfileVersion": 3,
  "requires": true,
  "packages": {
    "": {
      "name": "e2e",
      "version": "1.0.0",
      "license": "ISC",
      "dependencies": {
        "@e2e/hana2cds": "file:../dist/packages/hana2cds"
      }
    },
    "../dist/packages/hana2cds": {
      "version": "0.3.2",
      "dependencies": {
        "@sap/cds": "^8",
        "commander": "^12"
      },
      "bin": {
        "hana2cds": "src/bin/run.js"
      }
    },
    "node_modules/@e2e/hana2cds": {
      "resolved": "../dist/packages/hana2cds",
      "link": true
    }
  }
}
